
Microsoft Visual Studio Solution File, Format Version 11.00
# Visual Studio 2010
Project("{8BC9CEB8-8B4A-11D0-8D11-00A0C91BC942}") = "MAG3110", "..\MAG3110.vcxproj", "{E40AB010-19C4-49D8-BE91-653CC4DAF67F}"
EndProject
Global
	GlobalSection(SolutionConfigurationPlatforms) = preSolution
		Debug|Win32 = Debug|Win32
		Release|Win32 = Release|Win32
	EndGlobalSection
	GlobalSection(ProjectConfigurationPlatforms) = postSolution
		{E40AB010-19C4-49D8-BE91-653CC4DAF67F}.Debug|Win32.ActiveCfg = Debug|Win32
		{E40AB010-19C4-49D8-BE91-653CC4DAF67F}.Debug|Win32.Build.0 = Debug|Win32
		{E40AB010-19C4-49D8-BE91-653CC4DAF67F}.Release|Win32.ActiveCfg = Release|Win32
		{E40AB010-19C4-49D8-BE91-653CC4DAF67F}.Release|Win32.Build.0 = Release|Win32
	EndGlobalSection
	GlobalSection(SolutionProperties) = preSolution
		HideSolutionNode = FALSE
	EndGlobalSection
EndGlobal
